// !$*UTF8*$!
{
	archiveVersion = 1;
	classes = {
	};
	objectVersion = 56;
	objects = {

/* Begin PBXBuildFile section */
		1801FAE62B9AB895002D9F81 /* PopCityView.swift in Sources */ = {isa = PBXBuildFile; fileRef = 1801FAE52B9AB895002D9F81 /* PopCityView.swift */; };
		180EFF0E2C1821180037B47B /* HomeAView.swift in Sources */ = {isa = PBXBuildFile; fileRef = 180EFF0D2C1821180037B47B /* HomeAView.swift */; };
		180EFF102C1821990037B47B /* homeAview.json in Resources */ = {isa = PBXBuildFile; fileRef = 180EFF0F2C1821990037B47B /* homeAview.json */; };
		180EFF122C182B100037B47B /* Coiny-Regular.ttf in Resources */ = {isa = PBXBuildFile; fileRef = 180EFF112C182B100037B47B /* Coiny-Regular.ttf */; };
		180EFF142C1846810037B47B /* SecondView.swift in Sources */ = {isa = PBXBuildFile; fileRef = 180EFF132C1846810037B47B /* SecondView.swift */; };
		180EFF162C1850F10037B47B /* SecondController.swift in Sources */ = {isa = PBXBuildFile; fileRef = 180EFF152C1850F10037B47B /* SecondController.swift */; };
		181877262B99A66E00A8C2AA /* PopEnumView.swift in Sources */ = {isa = PBXBuildFile; fileRef = 181877252B99A66E00A8C2AA /* PopEnumView.swift */; };
		181877282B99B02700A8C2AA /* InfoCell.swift in Sources */ = {isa = PBXBuildFile; fileRef = 181877272B99B02700A8C2AA /* InfoCell.swift */; };
		181E57C22B9EDDDC002417B3 /* ContractViewCell.swift in Sources */ = {isa = PBXBuildFile; fileRef = 181E57C12B9EDDDC002417B3 /* ContractViewCell.swift */; };
		181E57C42B9F1299002417B3 /* ContactsManager.swift in Sources */ = {isa = PBXBuildFile; fileRef = 181E57C32B9F1299002417B3 /* ContactsManager.swift */; };
		1822945A2B9028FC0045C533 /* FaceViewController.swift in Sources */ = {isa = PBXBuildFile; fileRef = 182294592B9028FC0045C533 /* FaceViewController.swift */; };
		1822945C2B902C610045C533 /* CNavView.swift in Sources */ = {isa = PBXBuildFile; fileRef = 1822945B2B902C610045C533 /* CNavView.swift */; };
		1822945E2B90313F0045C533 /* FaceView.swift in Sources */ = {isa = PBXBuildFile; fileRef = 1822945D2B90313F0045C533 /* FaceView.swift */; };
		182294602B9054F80045C533 /* JDViewController.swift in Sources */ = {isa = PBXBuildFile; fileRef = 1822945F2B9054F80045C533 /* JDViewController.swift */; };
		182294622B90550B0045C533 /* JDView.swift in Sources */ = {isa = PBXBuildFile; fileRef = 182294612B90550B0045C533 /* JDView.swift */; };
		182294642B905C880045C533 /* TypeView.swift in Sources */ = {isa = PBXBuildFile; fileRef = 182294632B905C880045C533 /* TypeView.swift */; };
		182294662B90616A0045C533 /* TypeImageView.swift in Sources */ = {isa = PBXBuildFile; fileRef = 182294652B90616A0045C533 /* TypeImageView.swift */; };
		1822946A2B906E120045C533 /* PopImageView.swift in Sources */ = {isa = PBXBuildFile; fileRef = 182294692B906E120045C533 /* PopImageView.swift */; };
		182515D52B98737B00783BFD /* FaceSelectView.swift in Sources */ = {isa = PBXBuildFile; fileRef = 182515D42B98737B00783BFD /* FaceSelectView.swift */; };
		182515E12B98793500783BFD /* CommonCell.swift in Sources */ = {isa = PBXBuildFile; fileRef = 182515E02B98793500783BFD /* CommonCell.swift */; };
		182516322B8C246E00FFEE85 /* AppDelegate.swift in Sources */ = {isa = PBXBuildFile; fileRef = 182516312B8C246E00FFEE85 /* AppDelegate.swift */; };
		1825163B2B8C246F00FFEE85 /* Assets.xcassets in Resources */ = {isa = PBXBuildFile; fileRef = 1825163A2B8C246F00FFEE85 /* Assets.xcassets */; };
		1825163E2B8C246F00FFEE85 /* LaunchScreen.storyboard in Resources */ = {isa = PBXBuildFile; fileRef = 1825163C2B8C246F00FFEE85 /* LaunchScreen.storyboard */; };
		182516642B8C251800FFEE85 /* BaseViewController.swift in Sources */ = {isa = PBXBuildFile; fileRef = 182516632B8C251800FFEE85 /* BaseViewController.swift */; };
		182516672B8C254700FFEE85 /* FristViewController.swift in Sources */ = {isa = PBXBuildFile; fileRef = 182516662B8C254700FFEE85 /* FristViewController.swift */; };
		182516692B8C258600FFEE85 /* Define.swift in Sources */ = {isa = PBXBuildFile; fileRef = 182516682B8C258600FFEE85 /* Define.swift */; };
		1825166B2B8C27CF00FFEE85 /* LoginViewController.swift in Sources */ = {isa = PBXBuildFile; fileRef = 1825166A2B8C27CF00FFEE85 /* LoginViewController.swift */; };
		1825166D2B8C27DF00FFEE85 /* LoginView.swift in Sources */ = {isa = PBXBuildFile; fileRef = 1825166C2B8C27DF00FFEE85 /* LoginView.swift */; };
		182F671B2B8D811D000CA090 /* YBTabBarButton.swift in Sources */ = {isa = PBXBuildFile; fileRef = 182F671A2B8D811D000CA090 /* YBTabBarButton.swift */; };
		1835E0B52B90849300C20E0E /* CameraView.swift in Sources */ = {isa = PBXBuildFile; fileRef = 1835E0B42B90849300C20E0E /* CameraView.swift */; };
		1835E0BA2B9087CF00C20E0E /* PersonalViewController.swift in Sources */ = {isa = PBXBuildFile; fileRef = 1835E0B92B9087CF00C20E0E /* PersonalViewController.swift */; };
		1835E0BC2B9087E000C20E0E /* PersonalView.swift in Sources */ = {isa = PBXBuildFile; fileRef = 1835E0BB2B9087E000C20E0E /* PersonalView.swift */; };
		1835E0BE2B9087FE00C20E0E /* ContractViewController.swift in Sources */ = {isa = PBXBuildFile; fileRef = 1835E0BD2B9087FE00C20E0E /* ContractViewController.swift */; };
		1835E0C02B90880800C20E0E /* BankViewController.swift in Sources */ = {isa = PBXBuildFile; fileRef = 1835E0BF2B90880800C20E0E /* BankViewController.swift */; };
		1835E0C22B90881400C20E0E /* BankView.swift in Sources */ = {isa = PBXBuildFile; fileRef = 1835E0C12B90881400C20E0E /* BankView.swift */; };
		1835E0C42B90882100C20E0E /* ContractView.swift in Sources */ = {isa = PBXBuildFile; fileRef = 1835E0C32B90882100C20E0E /* ContractView.swift */; };
		1845FD2C2B8C959F00B4BEEF /* TabBarViewController.swift in Sources */ = {isa = PBXBuildFile; fileRef = 1845FD2B2B8C959F00B4BEEF /* TabBarViewController.swift */; };
		1845FD302B8C95D400B4BEEF /* HomeViewController.swift in Sources */ = {isa = PBXBuildFile; fileRef = 1845FD2F2B8C95D400B4BEEF /* HomeViewController.swift */; };
		1845FD322B8C95E100B4BEEF /* UserViewController.swift in Sources */ = {isa = PBXBuildFile; fileRef = 1845FD312B8C95E100B4BEEF /* UserViewController.swift */; };
		1845FD352B8C95F800B4BEEF /* OrderViewController.swift in Sources */ = {isa = PBXBuildFile; fileRef = 1845FD342B8C95F800B4BEEF /* OrderViewController.swift */; };
		1845FD372B8C985600B4BEEF /* BaseNavViewController.swift in Sources */ = {isa = PBXBuildFile; fileRef = 1845FD362B8C985600B4BEEF /* BaseNavViewController.swift */; };
		1845FD3F2B8CA06300B4BEEF /* CTabBar.swift in Sources */ = {isa = PBXBuildFile; fileRef = 1845FD3E2B8CA06300B4BEEF /* CTabBar.swift */; };
		184760F52B8EDD350048E257 /* NetworkManager.swift in Sources */ = {isa = PBXBuildFile; fileRef = 184760F42B8EDD350048E257 /* NetworkManager.swift */; };
		184760F72B8EE96D0048E257 /* DeviceInfo.swift in Sources */ = {isa = PBXBuildFile; fileRef = 184760F62B8EE96D0048E257 /* DeviceInfo.swift */; };
		186BD4A52BAD64F200C130A9 /* BankListView.swift in Sources */ = {isa = PBXBuildFile; fileRef = 186BD4A42BAD64F200C130A9 /* BankListView.swift */; };
		1876700F2B96CA4B000B256A /* HomeOneView.swift in Sources */ = {isa = PBXBuildFile; fileRef = 1876700E2B96CA4B000B256A /* HomeOneView.swift */; };
		187670112B96CA57000B256A /* HomeTwoView.swift in Sources */ = {isa = PBXBuildFile; fileRef = 187670102B96CA57000B256A /* HomeTwoView.swift */; };
		187670152B970AC8000B256A /* UIViewController+Extension.swift in Sources */ = {isa = PBXBuildFile; fileRef = 187670142B970AC8000B256A /* UIViewController+Extension.swift */; };
		187670172B9737B1000B256A /* CManager.swift in Sources */ = {isa = PBXBuildFile; fileRef = 187670162B9737B1000B256A /* CManager.swift */; };
		1876701A2B97384A000B256A /* CWebViewController.swift in Sources */ = {isa = PBXBuildFile; fileRef = 187670192B97384A000B256A /* CWebViewController.swift */; };
		18A32AA02B95AECA00CC937D /* HudView.swift in Sources */ = {isa = PBXBuildFile; fileRef = 18A32A9F2B95AECA00CC937D /* HudView.swift */; };
		18A32AA22B95AFFD00CC937D /* loading.json in Resources */ = {isa = PBXBuildFile; fileRef = 18A32AA12B95AFFD00CC937D /* loading.json */; };
		18A32AA52B95C86F00CC937D /* SaveLoginInfo.swift in Sources */ = {isa = PBXBuildFile; fileRef = 18A32AA42B95C86F00CC937D /* SaveLoginInfo.swift */; };
		18A32AA72B95DA2400CC937D /* UserFactory.swift in Sources */ = {isa = PBXBuildFile; fileRef = 18A32AA62B95DA2400CC937D /* UserFactory.swift */; };
		18A32AA92B95E23600CC937D /* AllModel.swift in Sources */ = {isa = PBXBuildFile; fileRef = 18A32AA82B95E23600CC937D /* AllModel.swift */; };
		18BABAFA2BA44E9D004A070E /* HomeOneCell.swift in Sources */ = {isa = PBXBuildFile; fileRef = 18BABAF92BA44E9D004A070E /* HomeOneCell.swift */; };
		18BBD0FA2BA146AB00F3D322 /* OrderView.swift in Sources */ = {isa = PBXBuildFile; fileRef = 18BBD0F92BA146AB00F3D322 /* OrderView.swift */; };
		18BBD0FC2BA146C300F3D322 /* OrderNormalCell.swift in Sources */ = {isa = PBXBuildFile; fileRef = 18BBD0FB2BA146C300F3D322 /* OrderNormalCell.swift */; };
		18BBD1022BA17CD000F3D322 /* EmptyView.swift in Sources */ = {isa = PBXBuildFile; fileRef = 18BBD1012BA17CD000F3D322 /* EmptyView.swift */; };
		18DCD83D2B91C64E009E8A6B /* ExitView.swift in Sources */ = {isa = PBXBuildFile; fileRef = 18DCD83C2B91C64E009E8A6B /* ExitView.swift */; };
		18DCD83F2B91CE4D009E8A6B /* DeleteView.swift in Sources */ = {isa = PBXBuildFile; fileRef = 18DCD83E2B91CE4D009E8A6B /* DeleteView.swift */; };
		18E9ACFC2B8F3F2900DC16A3 /* NetApiWork.swift in Sources */ = {isa = PBXBuildFile; fileRef = 18E9ACFB2B8F3F2900DC16A3 /* NetApiWork.swift */; };
		18E9ACFE2B8F48DC00DC16A3 /* CommonParams.swift in Sources */ = {isa = PBXBuildFile; fileRef = 18E9ACFD2B8F48DC00DC16A3 /* CommonParams.swift */; };
		18EAFD732BC4EE280060AD2C /* ProductCell.swift in Sources */ = {isa = PBXBuildFile; fileRef = 18EAFD722BC4EE280060AD2C /* ProductCell.swift */; };
		18EAFD752BC50A5A0060AD2C /* FuDaiView.swift in Sources */ = {isa = PBXBuildFile; fileRef = 18EAFD742BC50A5A0060AD2C /* FuDaiView.swift */; };
		18EAFD772BC527710060AD2C /* ProductProCell.swift in Sources */ = {isa = PBXBuildFile; fileRef = 18EAFD762BC527710060AD2C /* ProductProCell.swift */; };
		18EAFD792BC553730060AD2C /* FuDaiViewController.swift in Sources */ = {isa = PBXBuildFile; fileRef = 18EAFD782BC553730060AD2C /* FuDaiViewController.swift */; };
		18EAFD7B2BC557D90060AD2C /* FuDaiTableView.swift in Sources */ = {isa = PBXBuildFile; fileRef = 18EAFD7A2BC557D90060AD2C /* FuDaiTableView.swift */; };
		18EAFD7D2BC558CE0060AD2C /* FuDaiCell.swift in Sources */ = {isa = PBXBuildFile; fileRef = 18EAFD7C2BC558CE0060AD2C /* FuDaiCell.swift */; };
		18EF25D42B95623C001DE76B /* LocationManager.swift in Sources */ = {isa = PBXBuildFile; fileRef = 18EF25D32B95623C001DE76B /* LocationManager.swift */; };
		18EF25D62B957704001DE76B /* LocationModel.swift in Sources */ = {isa = PBXBuildFile; fileRef = 18EF25D52B957704001DE76B /* LocationModel.swift */; };
		18EF25D82B9596D2001DE76B /* RequestUrl.swift in Sources */ = {isa = PBXBuildFile; fileRef = 18EF25D72B9596D2001DE76B /* RequestUrl.swift */; };
		18F95BFB2B91848E005273A2 /* ProfileView.swift in Sources */ = {isa = PBXBuildFile; fileRef = 18F95BFA2B91848E005273A2 /* ProfileView.swift */; };
		18F95BFD2B9190B2005273A2 /* ProfileCell.swift in Sources */ = {isa = PBXBuildFile; fileRef = 18F95BFC2B9190B2005273A2 /* ProfileCell.swift */; };
		18F95BFF2B91AD41005273A2 /* AboutViewController.swift in Sources */ = {isa = PBXBuildFile; fileRef = 18F95BFE2B91AD41005273A2 /* AboutViewController.swift */; };
		18F95C012B91AE1E005273A2 /* AboutView.swift in Sources */ = {isa = PBXBuildFile; fileRef = 18F95C002B91AE1E005273A2 /* AboutView.swift */; };
		18FE73D82BA7F1EA00E4737D /* FootOneView.swift in Sources */ = {isa = PBXBuildFile; fileRef = 18FE73D72BA7F1EA00E4737D /* FootOneView.swift */; };
		18FE73DE2BA8258900E4737D /* futuramedium.ttf in Resources */ = {isa = PBXBuildFile; fileRef = 18FE73DB2BA8258900E4737D /* futuramedium.ttf */; };
		18FE73DF2BA8258900E4737D /* FuturaMediumItalic.ttf in Resources */ = {isa = PBXBuildFile; fileRef = 18FE73DC2BA8258900E4737D /* FuturaMediumItalic.ttf */; };
		18FE73E02BA8258900E4737D /* futur.ttf in Resources */ = {isa = PBXBuildFile; fileRef = 18FE73DD2BA8258900E4737D /* futur.ttf */; };
		18FF56992C0971940084A032 /* PetViewController.swift in Sources */ = {isa = PBXBuildFile; fileRef = 18FF56812C0971940084A032 /* PetViewController.swift */; };
		3B7DE2286B5B95563E053B33 /* Pods_DanaPet.framework in Frameworks */ = {isa = PBXBuildFile; fileRef = 6EFDC8879E6CC526C68AAFAF /* Pods_DanaPet.framework */; };
/* End PBXBuildFile section */

/* Begin PBXFileReference section */
		1801FAE52B9AB895002D9F81 /* PopCityView.swift */ = {isa = PBXFileReference; lastKnownFileType = sourcecode.swift; path = PopCityView.swift; sourceTree = "<group>"; };
		180EFF0D2C1821180037B47B /* HomeAView.swift */ = {isa = PBXFileReference; lastKnownFileType = sourcecode.swift; path = HomeAView.swift; sourceTree = "<group>"; };
		180EFF0F2C1821990037B47B /* homeAview.json */ = {isa = PBXFileReference; fileEncoding = 4; lastKnownFileType = text.json; path = homeAview.json; sourceTree = "<group>"; };
		180EFF112C182B100037B47B /* Coiny-Regular.ttf */ = {isa = PBXFileReference; lastKnownFileType = file; path = "Coiny-Regular.ttf"; sourceTree = "<group>"; };
		180EFF132C1846810037B47B /* SecondView.swift */ = {isa = PBXFileReference; lastKnownFileType = sourcecode.swift; path = SecondView.swift; sourceTree = "<group>"; };
		180EFF152C1850F10037B47B /* SecondController.swift */ = {isa = PBXFileReference; lastKnownFileType = sourcecode.swift; path = SecondController.swift; sourceTree = "<group>"; };
		181877252B99A66E00A8C2AA /* PopEnumView.swift */ = {isa = PBXFileReference; lastKnownFileType = sourcecode.swift; path = PopEnumView.swift; sourceTree = "<group>"; };
		181877272B99B02700A8C2AA /* InfoCell.swift */ = {isa = PBXFileReference; lastKnownFileType = sourcecode.swift; path = InfoCell.swift; sourceTree = "<group>"; };
		181E57C12B9EDDDC002417B3 /* ContractViewCell.swift */ = {isa = PBXFileReference; lastKnownFileType = sourcecode.swift; path = ContractViewCell.swift; sourceTree = "<group>"; };
		181E57C32B9F1299002417B3 /* ContactsManager.swift */ = {isa = PBXFileReference; lastKnownFileType = sourcecode.swift; path = ContactsManager.swift; sourceTree = "<group>"; };
		182294592B9028FC0045C533 /* FaceViewController.swift */ = {isa = PBXFileReference; lastKnownFileType = sourcecode.swift; path = FaceViewController.swift; sourceTree = "<group>"; };
		1822945B2B902C610045C533 /* CNavView.swift */ = {isa = PBXFileReference; lastKnownFileType = sourcecode.swift; path = CNavView.swift; sourceTree = "<group>"; };
		1822945D2B90313F0045C533 /* FaceView.swift */ = {isa = PBXFileReference; lastKnownFileType = sourcecode.swift; path = FaceView.swift; sourceTree = "<group>"; };
		1822945F2B9054F80045C533 /* JDViewController.swift */ = {isa = PBXFileReference; lastKnownFileType = sourcecode.swift; path = JDViewController.swift; sourceTree = "<group>"; };
		182294612B90550B0045C533 /* JDView.swift */ = {isa = PBXFileReference; lastKnownFileType = sourcecode.swift; path = JDView.swift; sourceTree = "<group>"; };
		182294632B905C880045C533 /* TypeView.swift */ = {isa = PBXFileReference; lastKnownFileType = sourcecode.swift; path = TypeView.swift; sourceTree = "<group>"; };
		182294652B90616A0045C533 /* TypeImageView.swift */ = {isa = PBXFileReference; lastKnownFileType = sourcecode.swift; path = TypeImageView.swift; sourceTree = "<group>"; };
		182294692B906E120045C533 /* PopImageView.swift */ = {isa = PBXFileReference; lastKnownFileType = sourcecode.swift; path = PopImageView.swift; sourceTree = "<group>"; };
		182515D42B98737B00783BFD /* FaceSelectView.swift */ = {isa = PBXFileReference; lastKnownFileType = sourcecode.swift; path = FaceSelectView.swift; sourceTree = "<group>"; };
		182515E02B98793500783BFD /* CommonCell.swift */ = {isa = PBXFileReference; lastKnownFileType = sourcecode.swift; path = CommonCell.swift; sourceTree = "<group>"; };
		1825162E2B8C246E00FFEE85 /* DanaPet.app */ = {isa = PBXFileReference; explicitFileType = wrapper.application; includeInIndex = 0; path = DanaPet.app; sourceTree = BUILT_PRODUCTS_DIR; };
		182516312B8C246E00FFEE85 /* AppDelegate.swift */ = {isa = PBXFileReference; lastKnownFileType = sourcecode.swift; path = AppDelegate.swift; sourceTree = "<group>"; };
		1825163A2B8C246F00FFEE85 /* Assets.xcassets */ = {isa = PBXFileReference; lastKnownFileType = folder.assetcatalog; path = Assets.xcassets; sourceTree = "<group>"; };
		1825163D2B8C246F00FFEE85 /* Base */ = {isa = PBXFileReference; lastKnownFileType = file.storyboard; name = Base; path = Base.lproj/LaunchScreen.storyboard; sourceTree = "<group>"; };
		1825163F2B8C246F00FFEE85 /* Info.plist */ = {isa = PBXFileReference; lastKnownFileType = text.plist.xml; path = Info.plist; sourceTree = "<group>"; };
		182516632B8C251800FFEE85 /* BaseViewController.swift */ = {isa = PBXFileReference; lastKnownFileType = sourcecode.swift; path = BaseViewController.swift; sourceTree = "<group>"; };
		182516662B8C254700FFEE85 /* FristViewController.swift */ = {isa = PBXFileReference; lastKnownFileType = sourcecode.swift; path = FristViewController.swift; sourceTree = "<group>"; };
		182516682B8C258600FFEE85 /* Define.swift */ = {isa = PBXFileReference; lastKnownFileType = sourcecode.swift; path = Define.swift; sourceTree = "<group>"; };
		1825166A2B8C27CF00FFEE85 /* LoginViewController.swift */ = {isa = PBXFileReference; lastKnownFileType = sourcecode.swift; path = LoginViewController.swift; sourceTree = "<group>"; };
		1825166C2B8C27DF00FFEE85 /* LoginView.swift */ = {isa = PBXFileReference; lastKnownFileType = sourcecode.swift; path = LoginView.swift; sourceTree = "<group>"; };
		182F671A2B8D811D000CA090 /* YBTabBarButton.swift */ = {isa = PBXFileReference; lastKnownFileType = sourcecode.swift; path = YBTabBarButton.swift; sourceTree = "<group>"; };
		1835E0B42B90849300C20E0E /* CameraView.swift */ = {isa = PBXFileReference; lastKnownFileType = sourcecode.swift; path = CameraView.swift; sourceTree = "<group>"; };
		1835E0B92B9087CF00C20E0E /* PersonalViewController.swift */ = {isa = PBXFileReference; lastKnownFileType = sourcecode.swift; path = PersonalViewController.swift; sourceTree = "<group>"; };
		1835E0BB2B9087E000C20E0E /* PersonalView.swift */ = {isa = PBXFileReference; lastKnownFileType = sourcecode.swift; path = PersonalView.swift; sourceTree = "<group>"; };
		1835E0BD2B9087FE00C20E0E /* ContractViewController.swift */ = {isa = PBXFileReference; lastKnownFileType = sourcecode.swift; path = ContractViewController.swift; sourceTree = "<group>"; };
		1835E0BF2B90880800C20E0E /* BankViewController.swift */ = {isa = PBXFileReference; lastKnownFileType = sourcecode.swift; path = BankViewController.swift; sourceTree = "<group>"; };
		1835E0C12B90881400C20E0E /* BankView.swift */ = {isa = PBXFileReference; lastKnownFileType = sourcecode.swift; path = BankView.swift; sourceTree = "<group>"; };
		1835E0C32B90882100C20E0E /* ContractView.swift */ = {isa = PBXFileReference; lastKnownFileType = sourcecode.swift; path = ContractView.swift; sourceTree = "<group>"; };
		1845FD2B2B8C959F00B4BEEF /* TabBarViewController.swift */ = {isa = PBXFileReference; lastKnownFileType = sourcecode.swift; path = TabBarViewController.swift; sourceTree = "<group>"; };
		1845FD2F2B8C95D400B4BEEF /* HomeViewController.swift */ = {isa = PBXFileReference; lastKnownFileType = sourcecode.swift; path = HomeViewController.swift; sourceTree = "<group>"; };
		1845FD312B8C95E100B4BEEF /* UserViewController.swift */ = {isa = PBXFileReference; lastKnownFileType = sourcecode.swift; path = UserViewController.swift; sourceTree = "<group>"; };
		1845FD342B8C95F800B4BEEF /* OrderViewController.swift */ = {isa = PBXFileReference; lastKnownFileType = sourcecode.swift; path = OrderViewController.swift; sourceTree = "<group>"; };
		1845FD362B8C985600B4BEEF /* BaseNavViewController.swift */ = {isa = PBXFileReference; lastKnownFileType = sourcecode.swift; path = BaseNavViewController.swift; sourceTree = "<group>"; };
		1845FD3E2B8CA06300B4BEEF /* CTabBar.swift */ = {isa = PBXFileReference; lastKnownFileType = sourcecode.swift; path = CTabBar.swift; sourceTree = "<group>"; };
		184760F42B8EDD350048E257 /* NetworkManager.swift */ = {isa = PBXFileReference; lastKnownFileType = sourcecode.swift; path = NetworkManager.swift; sourceTree = "<group>"; };
		184760F62B8EE96D0048E257 /* DeviceInfo.swift */ = {isa = PBXFileReference; lastKnownFileType = sourcecode.swift; path = DeviceInfo.swift; sourceTree = "<group>"; };
		184760F82B8F3AEA0048E257 /* DanaPet.entitlements */ = {isa = PBXFileReference; lastKnownFileType = text.plist.entitlements; path = DanaPet.entitlements; sourceTree = "<group>"; };
		186BD4A42BAD64F200C130A9 /* BankListView.swift */ = {isa = PBXFileReference; lastKnownFileType = sourcecode.swift; path = BankListView.swift; sourceTree = "<group>"; };
		1876700E2B96CA4B000B256A /* HomeOneView.swift */ = {isa = PBXFileReference; lastKnownFileType = sourcecode.swift; path = HomeOneView.swift; sourceTree = "<group>"; };
		187670102B96CA57000B256A /* HomeTwoView.swift */ = {isa = PBXFileReference; lastKnownFileType = sourcecode.swift; path = HomeTwoView.swift; sourceTree = "<group>"; };
		187670142B970AC8000B256A /* UIViewController+Extension.swift */ = {isa = PBXFileReference; fileEncoding = 4; lastKnownFileType = sourcecode.swift; path = "UIViewController+Extension.swift"; sourceTree = "<group>"; };
		187670162B9737B1000B256A /* CManager.swift */ = {isa = PBXFileReference; lastKnownFileType = sourcecode.swift; path = CManager.swift; sourceTree = "<group>"; };
		187670192B97384A000B256A /* CWebViewController.swift */ = {isa = PBXFileReference; lastKnownFileType = sourcecode.swift; path = CWebViewController.swift; sourceTree = "<group>"; };
		18A32A9F2B95AECA00CC937D /* HudView.swift */ = {isa = PBXFileReference; lastKnownFileType = sourcecode.swift; path = HudView.swift; sourceTree = "<group>"; };
		18A32AA12B95AFFD00CC937D /* loading.json */ = {isa = PBXFileReference; fileEncoding = 4; lastKnownFileType = text.json; path = loading.json; sourceTree = "<group>"; };
		18A32AA42B95C86F00CC937D /* SaveLoginInfo.swift */ = {isa = PBXFileReference; lastKnownFileType = sourcecode.swift; path = SaveLoginInfo.swift; sourceTree = "<group>"; };
		18A32AA62B95DA2400CC937D /* UserFactory.swift */ = {isa = PBXFileReference; lastKnownFileType = sourcecode.swift; path = UserFactory.swift; sourceTree = "<group>"; };
		18A32AA82B95E23600CC937D /* AllModel.swift */ = {isa = PBXFileReference; lastKnownFileType = sourcecode.swift; path = AllModel.swift; sourceTree = "<group>"; };
		18AC015D2BCE63E800E1D2A1 /* id */ = {isa = PBXFileReference; lastKnownFileType = text.plist.strings; name = id; path = id.lproj/LaunchScreen.strings; sourceTree = "<group>"; };
		18BABAF92BA44E9D004A070E /* HomeOneCell.swift */ = {isa = PBXFileReference; lastKnownFileType = sourcecode.swift; path = HomeOneCell.swift; sourceTree = "<group>"; };
		18BBD0F92BA146AB00F3D322 /* OrderView.swift */ = {isa = PBXFileReference; lastKnownFileType = sourcecode.swift; path = OrderView.swift; sourceTree = "<group>"; };
		18BBD0FB2BA146C300F3D322 /* OrderNormalCell.swift */ = {isa = PBXFileReference; lastKnownFileType = sourcecode.swift; path = OrderNormalCell.swift; sourceTree = "<group>"; };
		18BBD1012BA17CD000F3D322 /* EmptyView.swift */ = {isa = PBXFileReference; lastKnownFileType = sourcecode.swift; path = EmptyView.swift; sourceTree = "<group>"; };
		18DCD83C2B91C64E009E8A6B /* ExitView.swift */ = {isa = PBXFileReference; lastKnownFileType = sourcecode.swift; path = ExitView.swift; sourceTree = "<group>"; };
		18DCD83E2B91CE4D009E8A6B /* DeleteView.swift */ = {isa = PBXFileReference; lastKnownFileType = sourcecode.swift; path = DeleteView.swift; sourceTree = "<group>"; };
		18E9ACFB2B8F3F2900DC16A3 /* NetApiWork.swift */ = {isa = PBXFileReference; lastKnownFileType = sourcecode.swift; path = NetApiWork.swift; sourceTree = "<group>"; };
		18E9ACFD2B8F48DC00DC16A3 /* CommonParams.swift */ = {isa = PBXFileReference; lastKnownFileType = sourcecode.swift; path = CommonParams.swift; sourceTree = "<group>"; };
		18EAFD722BC4EE280060AD2C /* ProductCell.swift */ = {isa = PBXFileReference; lastKnownFileType = sourcecode.swift; path = ProductCell.swift; sourceTree = "<group>"; };
		18EAFD742BC50A5A0060AD2C /* FuDaiView.swift */ = {isa = PBXFileReference; lastKnownFileType = sourcecode.swift; path = FuDaiView.swift; sourceTree = "<group>"; };
		18EAFD762BC527710060AD2C /* ProductProCell.swift */ = {isa = PBXFileReference; lastKnownFileType = sourcecode.swift; path = ProductProCell.swift; sourceTree = "<group>"; };
		18EAFD782BC553730060AD2C /* FuDaiViewController.swift */ = {isa = PBXFileReference; lastKnownFileType = sourcecode.swift; path = FuDaiViewController.swift; sourceTree = "<group>"; };
		18EAFD7A2BC557D90060AD2C /* FuDaiTableView.swift */ = {isa = PBXFileReference; lastKnownFileType = sourcecode.swift; path = FuDaiTableView.swift; sourceTree = "<group>"; };
		18EAFD7C2BC558CE0060AD2C /* FuDaiCell.swift */ = {isa = PBXFileReference; lastKnownFileType = sourcecode.swift; path = FuDaiCell.swift; sourceTree = "<group>"; };
		18EF25D32B95623C001DE76B /* LocationManager.swift */ = {isa = PBXFileReference; lastKnownFileType = sourcecode.swift; path = LocationManager.swift; sourceTree = "<group>"; };
		18EF25D52B957704001DE76B /* LocationModel.swift */ = {isa = PBXFileReference; lastKnownFileType = sourcecode.swift; path = LocationModel.swift; sourceTree = "<group>"; };
		18EF25D72B9596D2001DE76B /* RequestUrl.swift */ = {isa = PBXFileReference; lastKnownFileType = sourcecode.swift; path = RequestUrl.swift; sourceTree = "<group>"; };
		18F95BFA2B91848E005273A2 /* ProfileView.swift */ = {isa = PBXFileReference; lastKnownFileType = sourcecode.swift; path = ProfileView.swift; sourceTree = "<group>"; };
		18F95BFC2B9190B2005273A2 /* ProfileCell.swift */ = {isa = PBXFileReference; lastKnownFileType = sourcecode.swift; path = ProfileCell.swift; sourceTree = "<group>"; };
		18F95BFE2B91AD41005273A2 /* AboutViewController.swift */ = {isa = PBXFileReference; lastKnownFileType = sourcecode.swift; path = AboutViewController.swift; sourceTree = "<group>"; };
		18F95C002B91AE1E005273A2 /* AboutView.swift */ = {isa = PBXFileReference; lastKnownFileType = sourcecode.swift; path = AboutView.swift; sourceTree = "<group>"; };
		18FE73D72BA7F1EA00E4737D /* FootOneView.swift */ = {isa = PBXFileReference; lastKnownFileType = sourcecode.swift; path = FootOneView.swift; sourceTree = "<group>"; };
		18FE73DB2BA8258900E4737D /* futuramedium.ttf */ = {isa = PBXFileReference; lastKnownFileType = file; path = futuramedium.ttf; sourceTree = "<group>"; };
		18FE73DC2BA8258900E4737D /* FuturaMediumItalic.ttf */ = {isa = PBXFileReference; lastKnownFileType = file; path = FuturaMediumItalic.ttf; sourceTree = "<group>"; };
		18FE73DD2BA8258900E4737D /* futur.ttf */ = {isa = PBXFileReference; lastKnownFileType = file; path = futur.ttf; sourceTree = "<group>"; };
		18FF56812C0971940084A032 /* PetViewController.swift */ = {isa = PBXFileReference; fileEncoding = 4; lastKnownFileType = sourcecode.swift; path = PetViewController.swift; sourceTree = "<group>"; };
		1FD8166289962626B5B2BB54 /* Pods-DanaPet.debug.xcconfig */ = {isa = PBXFileReference; includeInIndex = 1; lastKnownFileType = text.xcconfig; name = "Pods-DanaPet.debug.xcconfig"; path = "Target Support Files/Pods-DanaPet/Pods-DanaPet.debug.xcconfig"; sourceTree = "<group>"; };
		2026A2E2D59471F7B340DACE /* Pods-Catatan.debug.xcconfig */ = {isa = PBXFileReference; includeInIndex = 1; lastKnownFileType = text.xcconfig; name = "Pods-Catatan.debug.xcconfig"; path = "Target Support Files/Pods-Catatan/Pods-Catatan.debug.xcconfig"; sourceTree = "<group>"; };
		6EFDC8879E6CC526C68AAFAF /* Pods_DanaPet.framework */ = {isa = PBXFileReference; explicitFileType = wrapper.framework; includeInIndex = 0; path = Pods_DanaPet.framework; sourceTree = BUILT_PRODUCTS_DIR; };
		97609402A1E30479386B4A85 /* Pods-DanaPet.release.xcconfig */ = {isa = PBXFileReference; includeInIndex = 1; lastKnownFileType = text.xcconfig; name = "Pods-DanaPet.release.xcconfig"; path = "Target Support Files/Pods-DanaPet/Pods-DanaPet.release.xcconfig"; sourceTree = "<group>"; };
		EE95F7319F9F3850BBE1CA56 /* Pods-Catatan.release.xcconfig */ = {isa = PBXFileReference; includeInIndex = 1; lastKnownFileType = text.xcconfig; name = "Pods-Catatan.release.xcconfig"; path = "Target Support Files/Pods-Catatan/Pods-Catatan.release.xcconfig"; sourceTree = "<group>"; };
/* End PBXFileReference section */

/* Begin PBXFrameworksBuildPhase section */
		1825162B2B8C246E00FFEE85 /* Frameworks */ = {
			isa = PBXFrameworksBuildPhase;
			buildActionMask = 2147483647;
			files = (
				3B7DE2286B5B95563E053B33 /* Pods_DanaPet.framework in Frameworks */,
			);
			runOnlyForDeploymentPostprocessing = 0;
		};
/* End PBXFrameworksBuildPhase section */

/* Begin PBXGroup section */
		182294582B9028C20045C533 /* Auth */ = {
			isa = PBXGroup;
			children = (
				182294682B906BA00045C533 /* Type */,
				182294672B906B960045C533 /* Face */,
				1835E0B62B90871200C20E0E /* Personal */,
				1835E0B72B90876B00C20E0E /* Contract */,
				1835E0B82B90877E00C20E0E /* BankInfo */,
			);
			path = Auth;
			sourceTree = "<group>";
		};
		182294672B906B960045C533 /* Face */ = {
			isa = PBXGroup;
			children = (
				182515D62B98781000783BFD /* View */,
				182515D72B98781A00783BFD /* Controller */,
			);
			path = Face;
			sourceTree = "<group>";
		};
		182294682B906BA00045C533 /* Type */ = {
			isa = PBXGroup;
			children = (
				182515D82B98782400783BFD /* View */,
				182515D92B98782B00783BFD /* Controller */,
			);
			path = Type;
			sourceTree = "<group>";
		};
		182515D62B98781000783BFD /* View */ = {
			isa = PBXGroup;
			children = (
				1822945D2B90313F0045C533 /* FaceView.swift */,
				1835E0B42B90849300C20E0E /* CameraView.swift */,
				182515E02B98793500783BFD /* CommonCell.swift */,
				182294692B906E120045C533 /* PopImageView.swift */,
				182515D42B98737B00783BFD /* FaceSelectView.swift */,
			);
			path = View;
			sourceTree = "<group>";
		};
		182515D72B98781A00783BFD /* Controller */ = {
			isa = PBXGroup;
			children = (
				182294592B9028FC0045C533 /* FaceViewController.swift */,
			);
			path = Controller;
			sourceTree = "<group>";
		};
		182515D82B98782400783BFD /* View */ = {
			isa = PBXGroup;
			children = (
				182294612B90550B0045C533 /* JDView.swift */,
				182294632B905C880045C533 /* TypeView.swift */,
				182294652B90616A0045C533 /* TypeImageView.swift */,
			);
			path = View;
			sourceTree = "<group>";
		};
		182515D92B98782B00783BFD /* Controller */ = {
			isa = PBXGroup;
			children = (
				1822945F2B9054F80045C533 /* JDViewController.swift */,
			);
			path = Controller;
			sourceTree = "<group>";
		};
		182515DA2B98784600783BFD /* Controller */ = {
			isa = PBXGroup;
			children = (
				1835E0B92B9087CF00C20E0E /* PersonalViewController.swift */,
			);
			path = Controller;
			sourceTree = "<group>";
		};
		182515DB2B98784900783BFD /* View */ = {
			isa = PBXGroup;
			children = (
				181877272B99B02700A8C2AA /* InfoCell.swift */,
				1835E0BB2B9087E000C20E0E /* PersonalView.swift */,
				181877252B99A66E00A8C2AA /* PopEnumView.swift */,
				1801FAE52B9AB895002D9F81 /* PopCityView.swift */,
			);
			path = View;
			sourceTree = "<group>";
		};
		182515DC2B98786800783BFD /* Controller */ = {
			isa = PBXGroup;
			children = (
				1835E0BF2B90880800C20E0E /* BankViewController.swift */,
			);
			path = Controller;
			sourceTree = "<group>";
		};
		182515DD2B98786B00783BFD /* View */ = {
			isa = PBXGroup;
			children = (
				1835E0C12B90881400C20E0E /* BankView.swift */,
			);
			path = View;
			sourceTree = "<group>";
		};
		182515DE2B98787800783BFD /* Controller */ = {
			isa = PBXGroup;
			children = (
				1835E0BD2B9087FE00C20E0E /* ContractViewController.swift */,
			);
			path = Controller;
			sourceTree = "<group>";
		};
		182515DF2B98787A00783BFD /* View */ = {
			isa = PBXGroup;
			children = (
				1835E0C32B90882100C20E0E /* ContractView.swift */,
				181E57C12B9EDDDC002417B3 /* ContractViewCell.swift */,
				181E57C32B9F1299002417B3 /* ContactsManager.swift */,
			);
			path = View;
			sourceTree = "<group>";
		};
		182516252B8C246E00FFEE85 = {
			isa = PBXGroup;
			children = (
				182516302B8C246E00FFEE85 /* DanaPet */,
				1825162F2B8C246E00FFEE85 /* Products */,
				E24E865CC29B0CEAB2B7B117 /* Pods */,
				A63EE135F7A18A87BE77B49F /* Frameworks */,
			);
			sourceTree = "<group>";
		};
		1825162F2B8C246E00FFEE85 /* Products */ = {
			isa = PBXGroup;
			children = (
				1825162E2B8C246E00FFEE85 /* DanaPet.app */,
			);
			name = Products;
			sourceTree = "<group>";
		};
		182516302B8C246E00FFEE85 /* DanaPet */ = {
			isa = PBXGroup;
			children = (
				18FF56892C0971940084A032 /* ACode */,
				1825163F2B8C246F00FFEE85 /* Info.plist */,
				184760F82B8F3AEA0048E257 /* DanaPet.entitlements */,
				182516652B8C251F00FFEE85 /* Main */,
				187670182B973807000B256A /* Web */,
				182516612B8C24E500FFEE85 /* Login */,
				1845FD332B8C95E500B4BEEF /* Order */,
				1845FD2E2B8C95B100B4BEEF /* Profile */,
				1845FD2D2B8C95A900B4BEEF /* Home */,
				182294582B9028C20045C533 /* Auth */,
				182516622B8C24EA00FFEE85 /* Base */,
			);
			path = DanaPet;
			sourceTree = "<group>";
		};
		182516612B8C24E500FFEE85 /* Login */ = {
			isa = PBXGroup;
			children = (
				1825166C2B8C27DF00FFEE85 /* LoginView.swift */,
				1825166A2B8C27CF00FFEE85 /* LoginViewController.swift */,
			);
			path = Login;
			sourceTree = "<group>";
		};
		182516622B8C24EA00FFEE85 /* Base */ = {
			isa = PBXGroup;
			children = (
				18E9ACF92B8F3EF700DC16A3 /* Modelss */,
				18E9ACF72B8F3ED400DC16A3 /* Config */,
				18E9ACF82B8F3EDF00DC16A3 /* TabBar */,
				18E9ACF62B8F3EBC00DC16A3 /* BaseVc */,
				18EF25D22B95620A001DE76B /* Location */,
				18E9ACFA2B8F3F0D00DC16A3 /* NetWork */,
			);
			path = Base;
			sourceTree = "<group>";
		};
		182516652B8C251F00FFEE85 /* Main */ = {
			isa = PBXGroup;
			children = (
				1825163A2B8C246F00FFEE85 /* Assets.xcassets */,
				182516312B8C246E00FFEE85 /* AppDelegate.swift */,
				1825163C2B8C246F00FFEE85 /* LaunchScreen.storyboard */,
			);
			path = Main;
			sourceTree = "<group>";
		};
		1835E0B62B90871200C20E0E /* Personal */ = {
			isa = PBXGroup;
			children = (
				182515DB2B98784900783BFD /* View */,
				182515DA2B98784600783BFD /* Controller */,
			);
			path = Personal;
			sourceTree = "<group>";
		};
		1835E0B72B90876B00C20E0E /* Contract */ = {
			isa = PBXGroup;
			children = (
				182515DF2B98787A00783BFD /* View */,
				182515DE2B98787800783BFD /* Controller */,
			);
			path = Contract;
			sourceTree = "<group>";
		};
		1835E0B82B90877E00C20E0E /* BankInfo */ = {
			isa = PBXGroup;
			children = (
				182515DD2B98786B00783BFD /* View */,
				182515DC2B98786800783BFD /* Controller */,
			);
			path = BankInfo;
			sourceTree = "<group>";
		};
		1845FD2D2B8C95A900B4BEEF /* Home */ = {
			isa = PBXGroup;
			children = (
				18BBD1002BA14B5100F3D322 /* View */,
				18BBD0FF2BA14B4C00F3D322 /* Controller */,
			);
			path = Home;
			sourceTree = "<group>";
		};
		1845FD2E2B8C95B100B4BEEF /* Profile */ = {
			isa = PBXGroup;
			children = (
				18F95C032B91AE43005273A2 /* User */,
				18F95C022B91AE35005273A2 /* About */,
			);
			path = Profile;
			sourceTree = "<group>";
		};
		1845FD332B8C95E500B4BEEF /* Order */ = {
			isa = PBXGroup;
			children = (
				18BBD0F72BA1468600F3D322 /* View */,
				18BBD0F82BA1469400F3D322 /* Controller */,
			);
			path = Order;
			sourceTree = "<group>";
		};
		185C72352BB6CB6D00E1C1B0 /* FController */ = {
			isa = PBXGroup;
			children = (
			);
			name = FController;
			sourceTree = "<group>";
		};
		185C72362BB6CB8100E1C1B0 /* RController */ = {
			isa = PBXGroup;
			children = (
				1845FD2F2B8C95D400B4BEEF /* HomeViewController.swift */,
				18EAFD782BC553730060AD2C /* FuDaiViewController.swift */,
			);
			name = RController;
			sourceTree = "<group>";
		};
		18762BE42BB513EB005DE29E /* HomeView */ = {
			isa = PBXGroup;
			children = (
				1876700E2B96CA4B000B256A /* HomeOneView.swift */,
				187670102B96CA57000B256A /* HomeTwoView.swift */,
				18BABAF92BA44E9D004A070E /* HomeOneCell.swift */,
				18FE73D72BA7F1EA00E4737D /* FootOneView.swift */,
				186BD4A42BAD64F200C130A9 /* BankListView.swift */,
				18EAFD742BC50A5A0060AD2C /* FuDaiView.swift */,
				18EAFD722BC4EE280060AD2C /* ProductCell.swift */,
				18EAFD762BC527710060AD2C /* ProductProCell.swift */,
				18EAFD7A2BC557D90060AD2C /* FuDaiTableView.swift */,
				18EAFD7C2BC558CE0060AD2C /* FuDaiCell.swift */,
			);
			name = HomeView;
			sourceTree = "<group>";
		};
		187670182B973807000B256A /* Web */ = {
			isa = PBXGroup;
			children = (
				187670192B97384A000B256A /* CWebViewController.swift */,
			);
			path = Web;
			sourceTree = "<group>";
		};
		18BBD0F72BA1468600F3D322 /* View */ = {
			isa = PBXGroup;
			children = (
				18BBD0F92BA146AB00F3D322 /* OrderView.swift */,
				18BBD1012BA17CD000F3D322 /* EmptyView.swift */,
				18BBD0FB2BA146C300F3D322 /* OrderNormalCell.swift */,
			);
			path = View;
			sourceTree = "<group>";
		};
		18BBD0F82BA1469400F3D322 /* Controller */ = {
			isa = PBXGroup;
			children = (
				1845FD342B8C95F800B4BEEF /* OrderViewController.swift */,
			);
			path = Controller;
			sourceTree = "<group>";
		};
		18BBD0FF2BA14B4C00F3D322 /* Controller */ = {
			isa = PBXGroup;
			children = (
				185C72362BB6CB8100E1C1B0 /* RController */,
				185C72352BB6CB6D00E1C1B0 /* FController */,
			);
			name = Controller;
			sourceTree = "<group>";
		};
		18BBD1002BA14B5100F3D322 /* View */ = {
			isa = PBXGroup;
			children = (
				18762BE42BB513EB005DE29E /* HomeView */,
			);
			name = View;
			sourceTree = "<group>";
		};
		18DCD8402B91CE52009E8A6B /* View */ = {
			isa = PBXGroup;
			children = (
				18DCD83C2B91C64E009E8A6B /* ExitView.swift */,
				18F95BFC2B9190B2005273A2 /* ProfileCell.swift */,
				18F95BFA2B91848E005273A2 /* ProfileView.swift */,
				18DCD83E2B91CE4D009E8A6B /* DeleteView.swift */,
			);
			path = View;
			sourceTree = "<group>";
		};
		18DCD8412B91CE5D009E8A6B /* Controller */ = {
			isa = PBXGroup;
			children = (
				1845FD312B8C95E100B4BEEF /* UserViewController.swift */,
			);
			path = Controller;
			sourceTree = "<group>";
		};
		18E9ACF62B8F3EBC00DC16A3 /* BaseVc */ = {
			isa = PBXGroup;
			children = (
				182516632B8C251800FFEE85 /* BaseViewController.swift */,
				182516662B8C254700FFEE85 /* FristViewController.swift */,
				1845FD2B2B8C959F00B4BEEF /* TabBarViewController.swift */,
				1845FD362B8C985600B4BEEF /* BaseNavViewController.swift */,
			);
			path = BaseVc;
			sourceTree = "<group>";
		};
		18E9ACF72B8F3ED400DC16A3 /* Config */ = {
			isa = PBXGroup;
			children = (
				182516682B8C258600FFEE85 /* Define.swift */,
				18A32A9F2B95AECA00CC937D /* HudView.swift */,
				1822945B2B902C610045C533 /* CNavView.swift */,
				187670162B9737B1000B256A /* CManager.swift */,
				184760F62B8EE96D0048E257 /* DeviceInfo.swift */,
				18A32AA42B95C86F00CC937D /* SaveLoginInfo.swift */,
				18A32AA62B95DA2400CC937D /* UserFactory.swift */,
			);
			path = Config;
			sourceTree = "<group>";
		};
		18E9ACF82B8F3EDF00DC16A3 /* TabBar */ = {
			isa = PBXGroup;
			children = (
				1845FD3E2B8CA06300B4BEEF /* CTabBar.swift */,
				182F671A2B8D811D000CA090 /* YBTabBarButton.swift */,
			);
			path = TabBar;
			sourceTree = "<group>";
		};
		18E9ACF92B8F3EF700DC16A3 /* Modelss */ = {
			isa = PBXGroup;
			children = (
				18A32AA82B95E23600CC937D /* AllModel.swift */,
				18A32AA12B95AFFD00CC937D /* loading.json */,
				18FE73DD2BA8258900E4737D /* futur.ttf */,
				18FE73DB2BA8258900E4737D /* futuramedium.ttf */,
				18FE73DC2BA8258900E4737D /* FuturaMediumItalic.ttf */,
				187670142B970AC8000B256A /* UIViewController+Extension.swift */,
			);
			path = Modelss;
			sourceTree = "<group>";
		};
		18E9ACFA2B8F3F0D00DC16A3 /* NetWork */ = {
			isa = PBXGroup;
			children = (
				18EF25D72B9596D2001DE76B /* RequestUrl.swift */,
				18E9ACFB2B8F3F2900DC16A3 /* NetApiWork.swift */,
				18E9ACFD2B8F48DC00DC16A3 /* CommonParams.swift */,
				184760F42B8EDD350048E257 /* NetworkManager.swift */,
			);
			path = NetWork;
			sourceTree = "<group>";
		};
		18EF25D22B95620A001DE76B /* Location */ = {
			isa = PBXGroup;
			children = (
				18EF25D52B957704001DE76B /* LocationModel.swift */,
				18EF25D32B95623C001DE76B /* LocationManager.swift */,
			);
			path = Location;
			sourceTree = "<group>";
		};
		18F95C022B91AE35005273A2 /* About */ = {
			isa = PBXGroup;
			children = (
				18F95C002B91AE1E005273A2 /* AboutView.swift */,
				18F95BFE2B91AD41005273A2 /* AboutViewController.swift */,
			);
			path = About;
			sourceTree = "<group>";
		};
		18F95C032B91AE43005273A2 /* User */ = {
			isa = PBXGroup;
			children = (
				18DCD8402B91CE52009E8A6B /* View */,
				18DCD8412B91CE5D009E8A6B /* Controller */,
			);
			path = User;
			sourceTree = "<group>";
		};
		18FF56892C0971940084A032 /* ACode */ = {
			isa = PBXGroup;
			children = (
				180EFF112C182B100037B47B /* Coiny-Regular.ttf */,
				180EFF0F2C1821990037B47B /* homeAview.json */,
				180EFF0D2C1821180037B47B /* HomeAView.swift */,
				18FF56812C0971940084A032 /* PetViewController.swift */,
				180EFF132C1846810037B47B /* SecondView.swift */,
				180EFF152C1850F10037B47B /* SecondController.swift */,
			);
			path = ACode;
			sourceTree = "<group>";
		};
		A63EE135F7A18A87BE77B49F /* Frameworks */ = {
			isa = PBXGroup;
			children = (
				6EFDC8879E6CC526C68AAFAF /* Pods_DanaPet.framework */,
			);
			name = Frameworks;
			sourceTree = "<group>";
		};
		E24E865CC29B0CEAB2B7B117 /* Pods */ = {
			isa = PBXGroup;
			children = (
				2026A2E2D59471F7B340DACE /* Pods-Catatan.debug.xcconfig */,
				EE95F7319F9F3850BBE1CA56 /* Pods-Catatan.release.xcconfig */,
				1FD8166289962626B5B2BB54 /* Pods-DanaPet.debug.xcconfig */,
				97609402A1E30479386B4A85 /* Pods-DanaPet.release.xcconfig */,
			);
			path = Pods;
			sourceTree = "<group>";
		};
/* End PBXGroup section */

/* Begin PBXNativeTarget section */
		1825162D2B8C246E00FFEE85 /* DanaPet */ = {
			isa = PBXNativeTarget;
			buildConfigurationList = 182516582B8C246F00FFEE85 /* Build configuration list for PBXNativeTarget "DanaPet" */;
			buildPhases = (
				5096B2B104A387E4C568C68A /* [CP] Check Pods Manifest.lock */,
				1825162A2B8C246E00FFEE85 /* Sources */,
				1825162B2B8C246E00FFEE85 /* Frameworks */,
				1825162C2B8C246E00FFEE85 /* Resources */,
				907A134BF058FCBFF85806ED /* [CP] Embed Pods Frameworks */,
			);
			buildRules = (
			);
			dependencies = (
			);
			name = DanaPet;
			productName = Catatan;
			productReference = 1825162E2B8C246E00FFEE85 /* DanaPet.app */;
			productType = "com.apple.product-type.application";
		};
/* End PBXNativeTarget section */

/* Begin PBXProject section */
		182516262B8C246E00FFEE85 /* Project object */ = {
			isa = PBXProject;
			attributes = {
				BuildIndependentTargetsInParallel = 1;
				LastSwiftUpdateCheck = 1520;
				LastUpgradeCheck = 1520;
				TargetAttributes = {
					1825162D2B8C246E00FFEE85 = {
						CreatedOnToolsVersion = 15.2;
					};
				};
			};
			buildConfigurationList = 182516292B8C246E00FFEE85 /* Build configuration list for PBXProject "DanaPet" */;
			compatibilityVersion = "Xcode 14.0";
			developmentRegion = en;
			hasScannedForEncodings = 0;
			knownRegions = (
				en,
				Base,
				id,
			);
			mainGroup = 182516252B8C246E00FFEE85;
			productRefGroup = 1825162F2B8C246E00FFEE85 /* Products */;
			projectDirPath = "";
			projectRoot = "";
			targets = (
				1825162D2B8C246E00FFEE85 /* DanaPet */,
			);
		};
/* End PBXProject section */

/* Begin PBXResourcesBuildPhase section */
		1825162C2B8C246E00FFEE85 /* Resources */ = {
			isa = PBXResourcesBuildPhase;
			buildActionMask = 2147483647;
			files = (
				180EFF102C1821990037B47B /* homeAview.json in Resources */,
				18FE73DF2BA8258900E4737D /* FuturaMediumItalic.ttf in Resources */,
				1825163E2B8C246F00FFEE85 /* LaunchScreen.storyboard in Resources */,
				1825163B2B8C246F00FFEE85 /* Assets.xcassets in Resources */,
				18FE73DE2BA8258900E4737D /* futuramedium.ttf in Resources */,
				18A32AA22B95AFFD00CC937D /* loading.json in Resources */,
				180EFF122C182B100037B47B /* Coiny-Regular.ttf in Resources */,
				18FE73E02BA8258900E4737D /* futur.ttf in Resources */,
			);
			runOnlyForDeploymentPostprocessing = 0;
		};
/* End PBXResourcesBuildPhase section */

/* Begin PBXShellScriptBuildPhase section */
		5096B2B104A387E4C568C68A /* [CP] Check Pods Manifest.lock */ = {
			isa = PBXShellScriptBuildPhase;
			buildActionMask = 2147483647;
			files = (
			);
			inputFileListPaths = (
			);
			inputPaths = (
				"${PODS_PODFILE_DIR_PATH}/Podfile.lock",
				"${PODS_ROOT}/Manifest.lock",
			);
			name = "[CP] Check Pods Manifest.lock";
			outputFileListPaths = (
			);
			outputPaths = (
				"$(DERIVED_FILE_DIR)/Pods-DanaPet-checkManifestLockResult.txt",
			);
			runOnlyForDeploymentPostprocessing = 0;
			shellPath = /bin/sh;
			shellScript = "diff \"${PODS_PODFILE_DIR_PATH}/Podfile.lock\" \"${PODS_ROOT}/Manifest.lock\" > /dev/null\nif [ $? != 0 ] ; then\n    # print error to STDERR\n    echo \"error: The sandbox is not in sync with the Podfile.lock. Run 'pod install' or update your CocoaPods installation.\" >&2\n    exit 1\nfi\n# This output is used by Xcode 'outputs' to avoid re-running this script phase.\necho \"SUCCESS\" > \"${SCRIPT_OUTPUT_FILE_0}\"\n";
			showEnvVarsInLog = 0;
		};
		907A134BF058FCBFF85806ED /* [CP] Embed Pods Frameworks */ = {
			isa = PBXShellScriptBuildPhase;
			buildActionMask = 2147483647;
			files = (
			);
			inputFileListPaths = (
				"${PODS_ROOT}/Target Support Files/Pods-DanaPet/Pods-DanaPet-frameworks-${CONFIGURATION}-input-files.xcfilelist",
			);
			name = "[CP] Embed Pods Frameworks";
			outputFileListPaths = (
				"${PODS_ROOT}/Target Support Files/Pods-DanaPet/Pods-DanaPet-frameworks-${CONFIGURATION}-output-files.xcfilelist",
			);
			runOnlyForDeploymentPostprocessing = 0;
			shellPath = /bin/sh;
			shellScript = "\"${PODS_ROOT}/Target Support Files/Pods-DanaPet/Pods-DanaPet-frameworks.sh\"\n";
			showEnvVarsInLog = 0;
		};
/* End PBXShellScriptBuildPhase section */

/* Begin PBXSourcesBuildPhase section */
		1825162A2B8C246E00FFEE85 /* Sources */ = {
			isa = PBXSourcesBuildPhase;
			buildActionMask = 2147483647;
			files = (
				187670152B970AC8000B256A /* UIViewController+Extension.swift in Sources */,
				1835E0C22B90881400C20E0E /* BankView.swift in Sources */,
				18EAFD772BC527710060AD2C /* ProductProCell.swift in Sources */,
				18EF25D82B9596D2001DE76B /* RequestUrl.swift in Sources */,
				1825166D2B8C27DF00FFEE85 /* LoginView.swift in Sources */,
				182294622B90550B0045C533 /* JDView.swift in Sources */,
				18BBD0FA2BA146AB00F3D322 /* OrderView.swift in Sources */,
				18EAFD792BC553730060AD2C /* FuDaiViewController.swift in Sources */,
				1845FD372B8C985600B4BEEF /* BaseNavViewController.swift in Sources */,
				18BABAFA2BA44E9D004A070E /* HomeOneCell.swift in Sources */,
				1822945E2B90313F0045C533 /* FaceView.swift in Sources */,
				1822945A2B9028FC0045C533 /* FaceViewController.swift in Sources */,
				1845FD352B8C95F800B4BEEF /* OrderViewController.swift in Sources */,
				182515D52B98737B00783BFD /* FaceSelectView.swift in Sources */,
				1835E0BA2B9087CF00C20E0E /* PersonalViewController.swift in Sources */,
				182294642B905C880045C533 /* TypeView.swift in Sources */,
				18BBD0FC2BA146C300F3D322 /* OrderNormalCell.swift in Sources */,
				187670112B96CA57000B256A /* HomeTwoView.swift in Sources */,
				18A32AA92B95E23600CC937D /* AllModel.swift in Sources */,
				18BBD1022BA17CD000F3D322 /* EmptyView.swift in Sources */,
				18DCD83D2B91C64E009E8A6B /* ExitView.swift in Sources */,
				182294602B9054F80045C533 /* JDViewController.swift in Sources */,
				187670172B9737B1000B256A /* CManager.swift in Sources */,
				18A32AA72B95DA2400CC937D /* UserFactory.swift in Sources */,
				180EFF0E2C1821180037B47B /* HomeAView.swift in Sources */,
				18EF25D42B95623C001DE76B /* LocationManager.swift in Sources */,
				18FE73D82BA7F1EA00E4737D /* FootOneView.swift in Sources */,
				1845FD3F2B8CA06300B4BEEF /* CTabBar.swift in Sources */,
				180EFF162C1850F10037B47B /* SecondController.swift in Sources */,
				1822946A2B906E120045C533 /* PopImageView.swift in Sources */,
				18EAFD7B2BC557D90060AD2C /* FuDaiTableView.swift in Sources */,
				1835E0C02B90880800C20E0E /* BankViewController.swift in Sources */,
				184760F72B8EE96D0048E257 /* DeviceInfo.swift in Sources */,
				1801FAE62B9AB895002D9F81 /* PopCityView.swift in Sources */,
				1845FD322B8C95E100B4BEEF /* UserViewController.swift in Sources */,
				182516322B8C246E00FFEE85 /* AppDelegate.swift in Sources */,
				18EAFD7D2BC558CE0060AD2C /* FuDaiCell.swift in Sources */,
				182294662B90616A0045C533 /* TypeImageView.swift in Sources */,
				182516672B8C254700FFEE85 /* FristViewController.swift in Sources */,
				182F671B2B8D811D000CA090 /* YBTabBarButton.swift in Sources */,
				1835E0BE2B9087FE00C20E0E /* ContractViewController.swift in Sources */,
				1845FD302B8C95D400B4BEEF /* HomeViewController.swift in Sources */,
				1876701A2B97384A000B256A /* CWebViewController.swift in Sources */,
				181E57C42B9F1299002417B3 /* ContactsManager.swift in Sources */,
				181E57C22B9EDDDC002417B3 /* ContractViewCell.swift in Sources */,
				1822945C2B902C610045C533 /* CNavView.swift in Sources */,
				18DCD83F2B91CE4D009E8A6B /* DeleteView.swift in Sources */,
				18E9ACFC2B8F3F2900DC16A3 /* NetApiWork.swift in Sources */,
				182516692B8C258600FFEE85 /* Define.swift in Sources */,
				1835E0C42B90882100C20E0E /* ContractView.swift in Sources */,
				18A32AA02B95AECA00CC937D /* HudView.swift in Sources */,
				18F95BFB2B91848E005273A2 /* ProfileView.swift in Sources */,
				18F95C012B91AE1E005273A2 /* AboutView.swift in Sources */,
				1835E0B52B90849300C20E0E /* CameraView.swift in Sources */,
				184760F52B8EDD350048E257 /* NetworkManager.swift in Sources */,
				18E9ACFE2B8F48DC00DC16A3 /* CommonParams.swift in Sources */,
				186BD4A52BAD64F200C130A9 /* BankListView.swift in Sources */,
				18F95BFF2B91AD41005273A2 /* AboutViewController.swift in Sources */,
				1845FD2C2B8C959F00B4BEEF /* TabBarViewController.swift in Sources */,
				18EAFD732BC4EE280060AD2C /* ProductCell.swift in Sources */,
				18A32AA52B95C86F00CC937D /* SaveLoginInfo.swift in Sources */,
				1835E0BC2B9087E000C20E0E /* PersonalView.swift in Sources */,
				18FF56992C0971940084A032 /* PetViewController.swift in Sources */,
				18EF25D62B957704001DE76B /* LocationModel.swift in Sources */,
				182515E12B98793500783BFD /* CommonCell.swift in Sources */,
				1825166B2B8C27CF00FFEE85 /* LoginViewController.swift in Sources */,
				182516642B8C251800FFEE85 /* BaseViewController.swift in Sources */,
				180EFF142C1846810037B47B /* SecondView.swift in Sources */,
				18F95BFD2B9190B2005273A2 /* ProfileCell.swift in Sources */,
				1876700F2B96CA4B000B256A /* HomeOneView.swift in Sources */,
				181877262B99A66E00A8C2AA /* PopEnumView.swift in Sources */,
				18EAFD752BC50A5A0060AD2C /* FuDaiView.swift in Sources */,
				181877282B99B02700A8C2AA /* InfoCell.swift in Sources */,
			);
			runOnlyForDeploymentPostprocessing = 0;
		};
/* End PBXSourcesBuildPhase section */

/* Begin PBXVariantGroup section */
		1825163C2B8C246F00FFEE85 /* LaunchScreen.storyboard */ = {
			isa = PBXVariantGroup;
			children = (
				1825163D2B8C246F00FFEE85 /* Base */,
				18AC015D2BCE63E800E1D2A1 /* id */,
			);
			name = LaunchScreen.storyboard;
			sourceTree = "<group>";
		};
/* End PBXVariantGroup section */

/* Begin XCBuildConfiguration section */
		182516562B8C246F00FFEE85 /* Debug */ = {
			isa = XCBuildConfiguration;
			buildSettings = {
				ALWAYS_SEARCH_USER_PATHS = NO;
				ASSETCATALOG_COMPILER_GENERATE_SWIFT_ASSET_SYMBOL_EXTENSIONS = YES;
				CLANG_ANALYZER_LOCALIZABILITY_NONLOCALIZED = YES;
				CLANG_ANALYZER_NONNULL = YES;
				CLANG_ANALYZER_NUMBER_OBJECT_CONVERSION = YES_AGGRESSIVE;
				CLANG_CXX_LANGUAGE_STANDARD = "gnu++20";
				CLANG_ENABLE_MODULES = YES;
				CLANG_ENABLE_OBJC_ARC = YES;
				CLANG_ENABLE_OBJC_WEAK = YES;
				CLANG_WARN_BLOCK_CAPTURE_AUTORELEASING = YES;
				CLANG_WARN_BOOL_CONVERSION = YES;
				CLANG_WARN_COMMA = YES;
				CLANG_WARN_CONSTANT_CONVERSION = YES;
				CLANG_WARN_DEPRECATED_OBJC_IMPLEMENTATIONS = YES;
				CLANG_WARN_DIRECT_OBJC_ISA_USAGE = YES_ERROR;
				CLANG_WARN_DOCUMENTATION_COMMENTS = YES;
				CLANG_WARN_EMPTY_BODY = YES;
				CLANG_WARN_ENUM_CONVERSION = YES;
				CLANG_WARN_INFINITE_RECURSION = YES;
				CLANG_WARN_INT_CONVERSION = YES;
				CLANG_WARN_NON_LITERAL_NULL_CONVERSION = YES;
				CLANG_WARN_OBJC_IMPLICIT_RETAIN_SELF = YES;
				CLANG_WARN_OBJC_LITERAL_CONVERSION = YES;
				CLANG_WARN_OBJC_ROOT_CLASS = YES_ERROR;
				CLANG_WARN_QUOTED_INCLUDE_IN_FRAMEWORK_HEADER = YES;
				CLANG_WARN_RANGE_LOOP_ANALYSIS = YES;
				CLANG_WARN_STRICT_PROTOTYPES = YES;
				CLANG_WARN_SUSPICIOUS_MOVE = YES;
				CLANG_WARN_UNGUARDED_AVAILABILITY = YES_AGGRESSIVE;
				CLANG_WARN_UNREACHABLE_CODE = YES;
				CLANG_WARN__DUPLICATE_METHOD_MATCH = YES;
				COPY_PHASE_STRIP = NO;
				DEBUG_INFORMATION_FORMAT = dwarf;
				ENABLE_STRICT_OBJC_MSGSEND = YES;
				ENABLE_TESTABILITY = YES;
				ENABLE_USER_SCRIPT_SANDBOXING = YES;
				GCC_C_LANGUAGE_STANDARD = gnu17;
				GCC_DYNAMIC_NO_PIC = NO;
				GCC_NO_COMMON_BLOCKS = YES;
				GCC_OPTIMIZATION_LEVEL = 0;
				GCC_PREPROCESSOR_DEFINITIONS = (
					"DEBUG=1",
					"$(inherited)",
				);
				GCC_WARN_64_TO_32_BIT_CONVERSION = YES;
				GCC_WARN_ABOUT_RETURN_TYPE = YES_ERROR;
				GCC_WARN_UNDECLARED_SELECTOR = YES;
				GCC_WARN_UNINITIALIZED_AUTOS = YES_AGGRESSIVE;
				GCC_WARN_UNUSED_FUNCTION = YES;
				GCC_WARN_UNUSED_VARIABLE = YES;
				IPHONEOS_DEPLOYMENT_TARGET = 12.1;
				LOCALIZATION_PREFERS_STRING_CATALOGS = YES;
				MTL_ENABLE_DEBUG_INFO = INCLUDE_SOURCE;
				MTL_FAST_MATH = YES;
				ONLY_ACTIVE_ARCH = YES;
				SDKROOT = iphoneos;
				SWIFT_ACTIVE_COMPILATION_CONDITIONS = "DEBUG $(inherited)";
				SWIFT_OPTIMIZATION_LEVEL = "-Onone";
			};
			name = Debug;
		};
		182516572B8C246F00FFEE85 /* Release */ = {
			isa = XCBuildConfiguration;
			buildSettings = {
				ALWAYS_SEARCH_USER_PATHS = NO;
				ASSETCATALOG_COMPILER_GENERATE_SWIFT_ASSET_SYMBOL_EXTENSIONS = YES;
				CLANG_ANALYZER_LOCALIZABILITY_NONLOCALIZED = YES;
				CLANG_ANALYZER_NONNULL = YES;
				CLANG_ANALYZER_NUMBER_OBJECT_CONVERSION = YES_AGGRESSIVE;
				CLANG_CXX_LANGUAGE_STANDARD = "gnu++20";
				CLANG_ENABLE_MODULES = YES;
				CLANG_ENABLE_OBJC_ARC = YES;
				CLANG_ENABLE_OBJC_WEAK = YES;
				CLANG_WARN_BLOCK_CAPTURE_AUTORELEASING = YES;
				CLANG_WARN_BOOL_CONVERSION = YES;
				CLANG_WARN_COMMA = YES;
				CLANG_WARN_CONSTANT_CONVERSION = YES;
				CLANG_WARN_DEPRECATED_OBJC_IMPLEMENTATIONS = YES;
				CLANG_WARN_DIRECT_OBJC_ISA_USAGE = YES_ERROR;
				CLANG_WARN_DOCUMENTATION_COMMENTS = YES;
				CLANG_WARN_EMPTY_BODY = YES;
				CLANG_WARN_ENUM_CONVERSION = YES;
				CLANG_WARN_INFINITE_RECURSION = YES;
				CLANG_WARN_INT_CONVERSION = YES;
				CLANG_WARN_NON_LITERAL_NULL_CONVERSION = YES;
				CLANG_WARN_OBJC_IMPLICIT_RETAIN_SELF = YES;
				CLANG_WARN_OBJC_LITERAL_CONVERSION = YES;
				CLANG_WARN_OBJC_ROOT_CLASS = YES_ERROR;
				CLANG_WARN_QUOTED_INCLUDE_IN_FRAMEWORK_HEADER = YES;
				CLANG_WARN_RANGE_LOOP_ANALYSIS = YES;
				CLANG_WARN_STRICT_PROTOTYPES = YES;
				CLANG_WARN_SUSPICIOUS_MOVE = YES;
				CLANG_WARN_UNGUARDED_AVAILABILITY = YES_AGGRESSIVE;
				CLANG_WARN_UNREACHABLE_CODE = YES;
				CLANG_WARN__DUPLICATE_METHOD_MATCH = YES;
				COPY_PHASE_STRIP = NO;
				DEBUG_INFORMATION_FORMAT = "dwarf-with-dsym";
				ENABLE_NS_ASSERTIONS = NO;
				ENABLE_STRICT_OBJC_MSGSEND = YES;
				ENABLE_USER_SCRIPT_SANDBOXING = YES;
				GCC_C_LANGUAGE_STANDARD = gnu17;
				GCC_NO_COMMON_BLOCKS = YES;
				GCC_WARN_64_TO_32_BIT_CONVERSION = YES;
				GCC_WARN_ABOUT_RETURN_TYPE = YES_ERROR;
				GCC_WARN_UNDECLARED_SELECTOR = YES;
				GCC_WARN_UNINITIALIZED_AUTOS = YES_AGGRESSIVE;
				GCC_WARN_UNUSED_FUNCTION = YES;
				GCC_WARN_UNUSED_VARIABLE = YES;
				IPHONEOS_DEPLOYMENT_TARGET = 12.1;
				LOCALIZATION_PREFERS_STRING_CATALOGS = YES;
				MTL_ENABLE_DEBUG_INFO = NO;
				MTL_FAST_MATH = YES;
				SDKROOT = iphoneos;
				SWIFT_COMPILATION_MODE = wholemodule;
				VALIDATE_PRODUCT = YES;
			};
			name = Release;
		};
		182516592B8C246F00FFEE85 /* Debug */ = {
			isa = XCBuildConfiguration;
			baseConfigurationReference = 1FD8166289962626B5B2BB54 /* Pods-DanaPet.debug.xcconfig */;
			buildSettings = {
				ARCHS = "$(ARCHS_STANDARD)";
				ASSETCATALOG_COMPILER_APPICON_NAME = AppIcon;
				ASSETCATALOG_COMPILER_GLOBAL_ACCENT_COLOR_NAME = AccentColor;
				CODE_SIGN_ENTITLEMENTS = DanaPet/DanaPet.entitlements;
				"CODE_SIGN_IDENTITY[sdk=iphoneos*]" = "iPhone Developer";
				CODE_SIGN_STYLE = Manual;
				CURRENT_PROJECT_VERSION = 1;
				DEVELOPMENT_TEAM = "";
				"DEVELOPMENT_TEAM[sdk=iphoneos*]" = 2F6XZMZ52M;
				ENABLE_USER_SCRIPT_SANDBOXING = NO;
				GENERATE_INFOPLIST_FILE = YES;
				INFOPLIST_FILE = DanaPet/Info.plist;
				INFOPLIST_KEY_NSCameraUsageDescription = "To authenticate your identity and prevent fraud, we kindly request access to your camera for securely capturing an electronic version. Your personal information will be treated with care and used only for authentication purposes. We appreciate your cooperation.";
				INFOPLIST_KEY_NSContactsUsageDescription = "In order to assist you in selecting emergency contacts, we require access to your phone contacts. Please be assured that we will rigorously safeguard your information and refrain from disclosing it to any third parties.";
				INFOPLIST_KEY_NSLocationAlwaysUsageDescription = "In order to verify your identity and determine your location for accurate service provision, we need to collect your location data and effectively prevent fraud risks.";
				INFOPLIST_KEY_NSLocationWhenInUseUsageDescription = "In order to verify your identity and determine your location for accurate service provision, we need to collect your location data and effectively prevent fraud risks.";
				INFOPLIST_KEY_NSPhotoLibraryUsageDescription = "To confirm your identity and prevent fraud, we kindly ask for permission to access your photo library in order to securely obtain an electronic copy. Rest assured that your personal information will be protected and utilized exclusively for identity verification purposes.";
				INFOPLIST_KEY_NSUserTrackingUsageDescription = "We seek your Advertising ID to enhance our services and fortify fraud prevention. We are committed to safeguarding your privacy and complying with all applicable laws and regulations. The collected Advertising ID will be utilized solely for the purpose of service improvement.";
				INFOPLIST_KEY_UIApplicationSupportsIndirectInputEvents = YES;
				INFOPLIST_KEY_UILaunchStoryboardName = LaunchScreen.storyboard;
				INFOPLIST_KEY_UISupportedInterfaceOrientations = UIInterfaceOrientationPortrait;
				INFOPLIST_KEY_UISupportedInterfaceOrientations_iPad = "UIInterfaceOrientationLandscapeLeft UIInterfaceOrientationLandscapeRight UIInterfaceOrientationPortrait UIInterfaceOrientationPortraitUpsideDown";
				INFOPLIST_KEY_UIUserInterfaceStyle = Light;
				IPHONEOS_DEPLOYMENT_TARGET = 12.1;
				LD_RUNPATH_SEARCH_PATHS = (
					"$(inherited)",
					"@executable_path/Frameworks",
				);
				MARKETING_VERSION = 1.0.0;
				PRODUCT_BUNDLE_IDENTIFIER = com.zhuanyong.test;
				PRODUCT_NAME = "$(TARGET_NAME)";
				PROVISIONING_PROFILE_SPECIFIER = "";
				"PROVISIONING_PROFILE_SPECIFIER[sdk=iphoneos*]" = zhuanyong_test;
				SUPPORTED_PLATFORMS = "iphoneos iphonesimulator";
				SUPPORTS_MACCATALYST = NO;
				SUPPORTS_MAC_DESIGNED_FOR_IPHONE_IPAD = NO;
				SUPPORTS_XR_DESIGNED_FOR_IPHONE_IPAD = NO;
				SWIFT_EMIT_LOC_STRINGS = YES;
				SWIFT_ENABLE_BATCH_MODE = "";
				SWIFT_VERSION = 5.0;
				TARGETED_DEVICE_FAMILY = 1;
			};
			name = Debug;
		};
		1825165A2B8C246F00FFEE85 /* Release */ = {
			isa = XCBuildConfiguration;
			baseConfigurationReference = 97609402A1E30479386B4A85 /* Pods-DanaPet.release.xcconfig */;
			buildSettings = {
				ARCHS = "$(ARCHS_STANDARD)";
				ASSETCATALOG_COMPILER_APPICON_NAME = AppIcon;
				ASSETCATALOG_COMPILER_GLOBAL_ACCENT_COLOR_NAME = AccentColor;
				CODE_SIGN_ENTITLEMENTS = DanaPet/DanaPet.entitlements;
				"CODE_SIGN_IDENTITY[sdk=iphoneos*]" = "iPhone Developer";
				CODE_SIGN_STYLE = Manual;
				CURRENT_PROJECT_VERSION = 1;
				DEVELOPMENT_TEAM = "";
				"DEVELOPMENT_TEAM[sdk=iphoneos*]" = 2F6XZMZ52M;
				ENABLE_USER_SCRIPT_SANDBOXING = NO;
				GENERATE_INFOPLIST_FILE = YES;
				INFOPLIST_FILE = DanaPet/Info.plist;
				INFOPLIST_KEY_NSCameraUsageDescription = "To authenticate your identity and prevent fraud, we kindly request access to your camera for securely capturing an electronic version. Your personal information will be treated with care and used only for authentication purposes. We appreciate your cooperation.";
				INFOPLIST_KEY_NSContactsUsageDescription = "In order to assist you in selecting emergency contacts, we require access to your phone contacts. Please be assured that we will rigorously safeguard your information and refrain from disclosing it to any third parties.";
				INFOPLIST_KEY_NSLocationAlwaysUsageDescription = "In order to verify your identity and determine your location for accurate service provision, we need to collect your location data and effectively prevent fraud risks.";
				INFOPLIST_KEY_NSLocationWhenInUseUsageDescription = "In order to verify your identity and determine your location for accurate service provision, we need to collect your location data and effectively prevent fraud risks.";
				INFOPLIST_KEY_NSPhotoLibraryUsageDescription = "To confirm your identity and prevent fraud, we kindly ask for permission to access your photo library in order to securely obtain an electronic copy. Rest assured that your personal information will be protected and utilized exclusively for identity verification purposes.";
				INFOPLIST_KEY_NSUserTrackingUsageDescription = "We seek your Advertising ID to enhance our services and fortify fraud prevention. We are committed to safeguarding your privacy and complying with all applicable laws and regulations. The collected Advertising ID will be utilized solely for the purpose of service improvement.";
				INFOPLIST_KEY_UIApplicationSupportsIndirectInputEvents = YES;
				INFOPLIST_KEY_UILaunchStoryboardName = LaunchScreen.storyboard;
				INFOPLIST_KEY_UISupportedInterfaceOrientations = UIInterfaceOrientationPortrait;
				INFOPLIST_KEY_UISupportedInterfaceOrientations_iPad = "UIInterfaceOrientationLandscapeLeft UIInterfaceOrientationLandscapeRight UIInterfaceOrientationPortrait UIInterfaceOrientationPortraitUpsideDown";
				INFOPLIST_KEY_UIUserInterfaceStyle = Light;
				IPHONEOS_DEPLOYMENT_TARGET = 12.1;
				LD_RUNPATH_SEARCH_PATHS = (
					"$(inherited)",
					"@executable_path/Frameworks",
				);
				MARKETING_VERSION = 1.0.0;
				PRODUCT_BUNDLE_IDENTIFIER = com.zhuanyong.test;
				PRODUCT_NAME = "$(TARGET_NAME)";
				PROVISIONING_PROFILE_SPECIFIER = "";
				"PROVISIONING_PROFILE_SPECIFIER[sdk=iphoneos*]" = zhuanyong_test;
				SUPPORTED_PLATFORMS = "iphoneos iphonesimulator";
				SUPPORTS_MACCATALYST = NO;
				SUPPORTS_MAC_DESIGNED_FOR_IPHONE_IPAD = NO;
				SUPPORTS_XR_DESIGNED_FOR_IPHONE_IPAD = NO;
				SWIFT_EMIT_LOC_STRINGS = YES;
				SWIFT_ENABLE_BATCH_MODE = "";
				SWIFT_VERSION = 5.0;
				TARGETED_DEVICE_FAMILY = 1;
			};
			name = Release;
		};
/* End XCBuildConfiguration section */

/* Begin XCConfigurationList section */
		182516292B8C246E00FFEE85 /* Build configuration list for PBXProject "DanaPet" */ = {
			isa = XCConfigurationList;
			buildConfigurations = (
				182516562B8C246F00FFEE85 /* Debug */,
				182516572B8C246F00FFEE85 /* Release */,
			);
			defaultConfigurationIsVisible = 0;
			defaultConfigurationName = Release;
		};
		182516582B8C246F00FFEE85 /* Build configuration list for PBXNativeTarget "DanaPet" */ = {
			isa = XCConfigurationList;
			buildConfigurations = (
				182516592B8C246F00FFEE85 /* Debug */,
				1825165A2B8C246F00FFEE85 /* Release */,
			);
			defaultConfigurationIsVisible = 0;
			defaultConfigurationName = Release;
		};
/* End XCConfigurationList section */
	};
	rootObject = 182516262B8C246E00FFEE85 /* Project object */;
}
